
Microsoft Visual Studio Solution File, Format Version 12.00
# Visual Studio 15
VisualStudioVersion = 15.0.28010.2016
MinimumVisualStudioVersion = 10.0.40219.1
Project("{FAE04EC0-301F-11D3-BF4B-00C04F79EFBC}") = "NewsReader", "NewsReader\NewsReader.csproj", "{1B4E0B23-664E-497A-B315-E1A317E100D3}"
EndProject
Global
	GlobalSection(SolutionConfigurationPlatforms) = preSolution
		Debug|Any CPU = Debug|Any CPU
		Release|Any CPU = Release|Any CPU
	EndGlobalSection
	GlobalSection(ProjectConfigurationPlatforms) = postSolution
		{1B4E0B23-664E-497A-B315-E1A317E100D3}.Debug|Any CPU.ActiveCfg = Debug|Any CPU
		{1B4E0B23-664E-497A-B315-E1A317E100D3}.Debug|Any CPU.Build.0 = Debug|Any CPU
		{1B4E0B23-664E-497A-B315-E1A317E100D3}.Release|Any CPU.ActiveCfg = Release|Any CPU
		{1B4E0B23-664E-497A-B315-E1A317E100D3}.Release|Any CPU.Build.0 = Release|Any CPU
	EndGlobalSection
	GlobalSection(SolutionProperties) = preSolution
		HideSolutionNode = FALSE
	EndGlobalSection
	GlobalSection(ExtensibilityGlobals) = postSolution
		SolutionGuid = {BD2AB09B-542E-464E-B997-95B06F668517}
	EndGlobalSection
EndGlobal
